
Microsoft Visual Studio Solution File, Format Version 12.00
# Visual Studio Version 17
VisualStudioVersion = 17.6.33829.357
MinimumVisualStudioVersion = 10.0.40219.1
Project("{FAE04EC0-301F-11D3-BF4B-00C04F79EFBC}") = "WebApi", "WebApi\WebApi.csproj", "{2EE6CD36-7267-4B40-AE32-7523003E2807}"
EndProject
Global
	GlobalSection(SolutionConfigurationPlatforms) = preSolution
		Debug|Any CPU = Debug|Any CPU
		Release|Any CPU = Release|Any CPU
	EndGlobalSection
	GlobalSection(ProjectConfigurationPlatforms) = postSolution
		{2EE6CD36-7267-4B40-AE32-7523003E2807}.Debug|Any CPU.ActiveCfg = Debug|Any CPU
		{2EE6CD36-7267-4B40-AE32-7523003E2807}.Debug|Any CPU.Build.0 = Debug|Any CPU
		{2EE6CD36-7267-4B40-AE32-7523003E2807}.Release|Any CPU.ActiveCfg = Release|Any CPU
		{2EE6CD36-7267-4B40-AE32-7523003E2807}.Release|Any CPU.Build.0 = Release|Any CPU
	EndGlobalSection
	GlobalSection(SolutionProperties) = preSolution
		HideSolutionNode = FALSE
	EndGlobalSection
	GlobalSection(ExtensibilityGlobals) = postSolution
		SolutionGuid = {B8408769-A062-4B12-8577-A0F3C999C4CE}
	EndGlobalSection
EndGlobal
